PODS:
  - AlicloudPush (1.9.9):
    - AlicloudUT
    - AlicloudUtils
  - AlicloudUT (5.2.0.8):
    - AlicloudUTDID
  - AlicloudUTDID (1.1.0.19)
  - AlicloudUtils (1.3.7):
    - AlicloudUT
    - AlicloudUTDID
  - Flutter (1.0.0)
  - rammus (0.0.1):
    - AlicloudPush (~> 1.9.8)
    - Flutter

DEPENDENCIES:
  - Flutter (from `.symlinks/flutter/ios`)
  - rammus (from `.symlinks/plugins/rammus/ios`)

SPEC REPOS:
  https://github.com/aliyun/aliyun-specs.git:
    - AlicloudPush
    - AlicloudUT
    - AlicloudUTDID
    - AlicloudUtils

EXTERNAL SOURCES:
  Flutter:
    :path: ".symlinks/flutter/ios"
  rammus:
    :path: ".symlinks/plugins/rammus/ios"

SPEC CHECKSUMS:
  AlicloudPush: c7cfdbd6a8034507c8772a052737f13ce607f32e
  AlicloudUT: 49bfd91133899e693d1271b483ba7e64423b609e
  AlicloudUTDID: 79f509c3e997ef85fe307f8bfb2bb3be27f7e205
  AlicloudUtils: 6fcdca0f544e312942c75c587230597c0afb908e
  Flutter: 0e3d915762c693b495b44d77113d4970485de6ec
  rammus: dc740c70ebfec2de986899d5946e082633d7f738

PODFILE CHECKSUM: 780e706b311d38b827d75355a3c94c700ac52104

COCOAPODS: 1.7.5
